
Microsoft Visual Studio Solution File, Format Version 12.00
# Visual Studio Version 17
VisualStudioVersion = 17.11.35222.181
MinimumVisualStudioVersion = 10.0.40219.1
Project("{FAE04EC0-301F-11D3-BF4B-00C04F79EFBC}") = "Corte1", "Corte1\Corte1.csproj", "{0B79F74A-A454-4A22-B436-52F909E37B5C}"
EndProject
Global
	GlobalSection(SolutionConfigurationPlatforms) = preSolution
		Debug|Any CPU = Debug|Any CPU
		Release|Any CPU = Release|Any CPU
	EndGlobalSection
	GlobalSection(ProjectConfigurationPlatforms) = postSolution
		{0B79F74A-A454-4A22-B436-52F909E37B5C}.Debug|Any CPU.ActiveCfg = Debug|Any CPU
		{0B79F74A-A454-4A22-B436-52F909E37B5C}.Debug|Any CPU.Build.0 = Debug|Any CPU
		{0B79F74A-A454-4A22-B436-52F909E37B5C}.Release|Any CPU.ActiveCfg = Release|Any CPU
		{0B79F74A-A454-4A22-B436-52F909E37B5C}.Release|Any CPU.Build.0 = Release|Any CPU
	EndGlobalSection
	GlobalSection(SolutionProperties) = preSolution
		HideSolutionNode = FALSE
	EndGlobalSection
	GlobalSection(ExtensibilityGlobals) = postSolution
		SolutionGuid = {14FD3584-0889-4335-B45D-F1B8F1B45CE2}
	EndGlobalSection
EndGlobal
